
Microsoft Visual Studio Solution File, Format Version 12.00
# Visual Studio Version 16
VisualStudioVersion = 16.0.31624.102
MinimumVisualStudioVersion = 10.0.40219.1
Project("{FAE04EC0-301F-11D3-BF4B-00C04F79EFBC}") = "Buddhabrot", "Buddhabrot.csproj", "{0C08A9D5-573C-4A02-9974-5BFAB919FF7B}"
EndProject
Global
	GlobalSection(SolutionConfigurationPlatforms) = preSolution
		Debug|Any CPU = Debug|Any CPU
		Release|Any CPU = Release|Any CPU
	EndGlobalSection
	GlobalSection(ProjectConfigurationPlatforms) = postSolution
		{0C08A9D5-573C-4A02-9974-5BFAB919FF7B}.Debug|Any CPU.ActiveCfg = Debug|Any CPU
		{0C08A9D5-573C-4A02-9974-5BFAB919FF7B}.Debug|Any CPU.Build.0 = Debug|Any CPU
		{0C08A9D5-573C-4A02-9974-5BFAB919FF7B}.Release|Any CPU.ActiveCfg = Release|Any CPU
		{0C08A9D5-573C-4A02-9974-5BFAB919FF7B}.Release|Any CPU.Build.0 = Release|Any CPU
	EndGlobalSection
	GlobalSection(SolutionProperties) = preSolution
		HideSolutionNode = FALSE
	EndGlobalSection
	GlobalSection(ExtensibilityGlobals) = postSolution
		SolutionGuid = {25C154C0-77D1-4642-BA5D-A9D0B079FD4A}
	EndGlobalSection
EndGlobal
